{
    "version": 3,
    "terraform_version": "0.11.10",
    "serial": 10,
    "lineage": "281b5301-b28c-18f9-28ae-57d7bf087a77",
    "modules": [
        {
            "path": [
                "root"
            ],
            "outputs": {},
            "resources": {
                "aws_instance.Nginix-Instance": {
                    "type": "aws_instance",
                    "depends_on": [],
                    "primary": {
                        "id": "i-08c7b01011f54bacd",
                        "attributes": {
                            "ami": "ami-0cd3dfa4e37921605",
                            "arn": "arn:aws:ec2:us-east-2:992796582244:instance/i-08c7b01011f54bacd",
                            "associate_public_ip_address": "true",
                            "availability_zone": "us-east-2b",
                            "cpu_core_count": "1",
                            "cpu_threads_per_core": "1",
                            "credit_specification.#": "1",
                            "credit_specification.0.cpu_credits": "standard",
                            "disable_api_termination": "false",
                            "ebs_block_device.#": "0",
                            "ebs_optimized": "false",
                            "ephemeral_block_device.#": "0",
                            "get_password_data": "false",
                            "iam_instance_profile": "",
                            "id": "i-08c7b01011f54bacd",
                            "instance_state": "running",
                            "instance_type": "t2.micro",
                            "ipv6_addresses.#": "0",
                            "key_name": "",
                            "monitoring": "false",
                            "network_interface.#": "0",
                            "network_interface_id": "eni-0bd21abdcdd040b4f",
                            "password_data": "",
                            "placement_group": "",
                            "primary_network_interface_id": "eni-0bd21abdcdd040b4f",
                            "private_dns": "ip-172-31-30-209.us-east-2.compute.internal",
                            "private_ip": "172.31.30.209",
                            "public_dns": "ec2-18-220-63-108.us-east-2.compute.amazonaws.com",
                            "public_ip": "18.220.63.108",
                            "root_block_device.#": "1",
                            "root_block_device.0.delete_on_termination": "true",
                            "root_block_device.0.iops": "100",
                            "root_block_device.0.volume_id": "vol-0bd741a8e63c4ecbb",
                            "root_block_device.0.volume_size": "8",
                            "root_block_device.0.volume_type": "gp2",
                            "security_groups.#": "1",
                            "security_groups.3814588639": "default",
                            "source_dest_check": "true",
                            "subnet_id": "subnet-66870e1c",
                            "tags.%": "1",
                            "tags.Name": "Nginx-Instance",
                            "tenancy": "default",
                            "volume_tags.%": "0",
                            "vpc_security_group_ids.#": "1",
                            "vpc_security_group_ids.3908198825": "sg-b5ffa5df"
                        },
                        "meta": {
                            "e2bfb730-ecaa-11e6-8f88-34363bc7c4c0": {
                                "create": 600000000000,
                                "delete": 1200000000000,
                                "update": 600000000000
                            },
                            "schema_version": "1"
                        },
                        "tainted": false
                    },
                    "deposed": [],
                    "provider": "provider.aws"
                }
            },
            "depends_on": []
        }
    ]
}
